// !$*UTF8*$!
{
	archiveVersion = 1;
	classes = {
	};
	objectVersion = 46;
	objects = {

/* Begin PBXBuildFile section */
		73F7D7941E6D8DF6005961DD /* main.c in Sources */ = {isa = PBXBuildFile; fileRef = 73F7D7931E6D8DF6005961DD /* main.c */; };
		73F7D79C1E6D8E3B005961DD /* dk_json.c in Sources */ = {isa = PBXBuildFile; fileRef = 73F7D79A1E6D8E3B005961DD /* dk_json.c */; };
/* End PBXBuildFile section */

/* Begin PBXCopyFilesBuildPhase section */
		73F7D78E1E6D8DF6005961DD /* CopyFiles */ = {
			isa = PBXCopyFilesBuildPhase;
			buildActionMask = 2147483647;
			dstPath = /usr/share/man/man1/;
			dstSubfolderSpec = 0;
			files = (
			);
			runOnlyForDeploymentPostprocessing = 1;
		};
/* End PBXCopyFilesBuildPhase section */

/* Begin PBXFileReference section */
		73F7D7901E6D8DF6005961DD /* dk_json_test */ = {isa = PBXFileReference; explicitFileType = "compiled.mach-o.executable"; includeInIndex = 0; path = dk_json_test; sourceTree = BUILT_PRODUCTS_DIR; };
		73F7D7931E6D8DF6005961DD /* main.c */ = {isa = PBXFileReference; lastKnownFileType = sourcecode.c.c; name = main.c; path = dk_json/main.c; sourceTree = "<group>"; };
		73F7D79A1E6D8E3B005961DD /* dk_json.c */ = {isa = PBXFileReference; fileEncoding = 4; lastKnownFileType = sourcecode.c.c; name = dk_json.c; path = dk_json/dk_json.c; sourceTree = "<group>"; };
		73F7D79B1E6D8E3B005961DD /* dk_json.h */ = {isa = PBXFileReference; fileEncoding = 4; lastKnownFileType = sourcecode.c.h; name = dk_json.h; path = dk_json/dk_json.h; sourceTree = "<group>"; };
/* End PBXFileReference section */

/* Begin PBXFrameworksBuildPhase section */
		73F7D78D1E6D8DF6005961DD /* Frameworks */ = {
			isa = PBXFrameworksBuildPhase;
			buildActionMask = 2147483647;
			files = (
			);
			runOnlyForDeploymentPostprocessing = 0;
		};
/* End PBXFrameworksBuildPhase section */

/* Begin PBXGroup section */
		73F7D7871E6D8DF6005961DD = {
			isa = PBXGroup;
			children = (
				73F7D7921E6D8DF6005961DD /* dk_json_test */,
				73F7D7911E6D8DF6005961DD /* Products */,
			);
			sourceTree = "<group>";
		};
		73F7D7911E6D8DF6005961DD /* Products */ = {
			isa = PBXGroup;
			children = (
				73F7D7901E6D8DF6005961DD /* dk_json_test */,
			);
			name = Products;
			sourceTree = "<group>";
		};
		73F7D7921E6D8DF6005961DD /* dk_json_test */ = {
			isa = PBXGroup;
			children = (
				73F7D7931E6D8DF6005961DD /* main.c */,
				73F7D79A1E6D8E3B005961DD /* dk_json.c */,
				73F7D79B1E6D8E3B005961DD /* dk_json.h */,
			);
			path = dk_json_test;
			sourceTree = "<group>";
		};
/* End PBXGroup section */

/* Begin PBXNativeTarget section */
		73F7D78F1E6D8DF6005961DD /* dk_json_test */ = {
			isa = PBXNativeTarget;
			buildConfigurationList = 73F7D7971E6D8DF6005961DD /* Build configuration list for PBXNativeTarget "dk_json_test" */;
			buildPhases = (
				73F7D78C1E6D8DF6005961DD /* Sources */,
				73F7D78D1E6D8DF6005961DD /* Frameworks */,
				73F7D78E1E6D8DF6005961DD /* CopyFiles */,
			);
			buildRules = (
			);
			dependencies = (
			);
			name = dk_json_test;
			productName = dk_json_test;
			productReference = 73F7D7901E6D8DF6005961DD /* dk_json_test */;
			productType = "com.apple.product-type.tool";
		};
/* End PBXNativeTarget section */

/* Begin PBXProject section */
		73F7D7881E6D8DF6005961DD /* Project object */ = {
			isa = PBXProject;
			attributes = {
				LastUpgradeCheck = 0820;
				ORGANIZATIONNAME = sl_user;
				TargetAttributes = {
					73F7D78F1E6D8DF6005961DD = {
						CreatedOnToolsVersion = 8.2.1;
						ProvisioningStyle = Automatic;
					};
				};
			};
			buildConfigurationList = 73F7D78B1E6D8DF6005961DD /* Build configuration list for PBXProject "dk_json" */;
			compatibilityVersion = "Xcode 3.2";
			developmentRegion = English;
			hasScannedForEncodings = 0;
			knownRegions = (
				en,
			);
			mainGroup = 73F7D7871E6D8DF6005961DD;
			productRefGroup = 73F7D7911E6D8DF6005961DD /* Products */;
			projectDirPath = "";
			projectRoot = "";
			targets = (
				73F7D78F1E6D8DF6005961DD /* dk_json_test */,
			);
		};
/* End PBXProject section */

/* Begin PBXSourcesBuildPhase section */
		73F7D78C1E6D8DF6005961DD /* Sources */ = {
			isa = PBXSourcesBuildPhase;
			buildActionMask = 2147483647;
			files = (
				73F7D79C1E6D8E3B005961DD /* dk_json.c in Sources */,
				73F7D7941E6D8DF6005961DD /* main.c in Sources */,
			);
			runOnlyForDeploymentPostprocessing = 0;
		};
/* End PBXSourcesBuildPhase section */

/* Begin XCBuildConfiguration section */
		73F7D7951E6D8DF6005961DD /* Debug */ = {
			isa = XCBuildConfiguration;
			buildSettings = {
				ALWAYS_SEARCH_USER_PATHS = NO;
				CLANG_ANALYZER_NONNULL = YES;
				CLANG_CXX_LANGUAGE_STANDARD = "gnu++0x";
				CLANG_CXX_LIBRARY = "libc++";
				CLANG_ENABLE_MODULES = YES;
				CLANG_ENABLE_OBJC_ARC = YES;
				CLANG_WARN_BOOL_CONVERSION = YES;
				CLANG_WARN_CONSTANT_CONVERSION = YES;
				CLANG_WARN_DIRECT_OBJC_ISA_USAGE = YES_ERROR;
				CLANG_WARN_DOCUMENTATION_COMMENTS = YES;
				CLANG_WARN_EMPTY_BODY = YES;
				CLANG_WARN_ENUM_CONVERSION = YES;
				CLANG_WARN_INFINITE_RECURSION = YES;
				CLANG_WARN_INT_CONVERSION = YES;
				CLANG_WARN_OBJC_ROOT_CLASS = YES_ERROR;
				CLANG_WARN_SUSPICIOUS_MOVE = YES;
				CLANG_WARN_UNREACHABLE_CODE = YES;
				CLANG_WARN__DUPLICATE_METHOD_MATCH = YES;
				CODE_SIGN_IDENTITY = "-";
				COPY_PHASE_STRIP = NO;
				DEBUG_INFORMATION_FORMAT = dwarf;
				ENABLE_STRICT_OBJC_MSGSEND = YES;
				ENABLE_TESTABILITY = YES;
				GCC_C_LANGUAGE_STANDARD = gnu99;
				GCC_DYNAMIC_NO_PIC = NO;
				GCC_NO_COMMON_BLOCKS = YES;
				GCC_OPTIMIZATION_LEVEL = 0;
				GCC_PREPROCESSOR_DEFINITIONS = (
					"DEBUG=1",
					"$(inherited)",
				);
				GCC_WARN_64_TO_32_BIT_CONVERSION = YES;
				GCC_WARN_ABOUT_RETURN_TYPE = YES_ERROR;
				GCC_WARN_UNDECLARED_SELECTOR = YES;
				GCC_WARN_UNINITIALIZED_AUTOS = YES_AGGRESSIVE;
				GCC_WARN_UNUSED_FUNCTION = YES;
				GCC_WARN_UNUSED_VARIABLE = YES;
				MACOSX_DEPLOYMENT_TARGET = 10.12;
				MTL_ENABLE_DEBUG_INFO = YES;
				ONLY_ACTIVE_ARCH = YES;
				SDKROOT = macosx;
			};
			name = Debug;
		};
		73F7D7961E6D8DF6005961DD /* Release */ = {
			isa = XCBuildConfiguration;
			buildSettings = {
				ALWAYS_SEARCH_USER_PATHS = NO;
				CLANG_ANALYZER_NONNULL = YES;
				CLANG_CXX_LANGUAGE_STANDARD = "gnu++0x";
				CLANG_CXX_LIBRARY = "libc++";
				CLANG_ENABLE_MODULES = YES;
				CLANG_ENABLE_OBJC_ARC = YES;
				CLANG_WARN_BOOL_CONVERSION = YES;
				CLANG_WARN_CONSTANT_CONVERSION = YES;
				CLANG_WARN_DIRECT_OBJC_ISA_USAGE = YES_ERROR;
				CLANG_WARN_DOCUMENTATION_COMMENTS = YES;
				CLANG_WARN_EMPTY_BODY = YES;
				CLANG_WARN_ENUM_CONVERSION = YES;
				CLANG_WARN_INFINITE_RECURSION = YES;
				CLANG_WARN_INT_CONVERSION = YES;
				CLANG_WARN_OBJC_ROOT_CLASS = YES_ERROR;
				CLANG_WARN_SUSPICIOUS_MOVE = YES;
				CLANG_WARN_UNREACHABLE_CODE = YES;
				CLANG_WARN__DUPLICATE_METHOD_MATCH = YES;
				CODE_SIGN_IDENTITY = "-";
				COPY_PHASE_STRIP = NO;
				DEBUG_INFORMATION_FORMAT = "dwarf-with-dsym";
				ENABLE_NS_ASSERTIONS = NO;
				ENABLE_STRICT_OBJC_MSGSEND = YES;
				GCC_C_LANGUAGE_STANDARD = gnu99;
				GCC_NO_COMMON_BLOCKS = YES;
				GCC_WARN_64_TO_32_BIT_CONVERSION = YES;
				GCC_WARN_ABOUT_RETURN_TYPE = YES_ERROR;
				GCC_WARN_UNDECLARED_SELECTOR = YES;
				GCC_WARN_UNINITIALIZED_AUTOS = YES_AGGRESSIVE;
				GCC_WARN_UNUSED_FUNCTION = YES;
				GCC_WARN_UNUSED_VARIABLE = YES;
				MACOSX_DEPLOYMENT_TARGET = 10.12;
				MTL_ENABLE_DEBUG_INFO = NO;
				SDKROOT = macosx;
			};
			name = Release;
		};
		73F7D7981E6D8DF6005961DD /* Debug */ = {
			isa = XCBuildConfiguration;
			buildSettings = {
				PRODUCT_NAME = "$(TARGET_NAME)";
			};
			name = Debug;
		};
		73F7D7991E6D8DF6005961DD /* Release */ = {
			isa = XCBuildConfiguration;
			buildSettings = {
				PRODUCT_NAME = "$(TARGET_NAME)";
			};
			name = Release;
		};
/* End XCBuildConfiguration section */

/* Begin XCConfigurationList section */
		73F7D78B1E6D8DF6005961DD /* Build configuration list for PBXProject "dk_json" */ = {
			isa = XCConfigurationList;
			buildConfigurations = (
				73F7D7951E6D8DF6005961DD /* Debug */,
				73F7D7961E6D8DF6005961DD /* Release */,
			);
			defaultConfigurationIsVisible = 0;
			defaultConfigurationName = Release;
		};
		73F7D7971E6D8DF6005961DD /* Build configuration list for PBXNativeTarget "dk_json_test" */ = {
			isa = XCConfigurationList;
			buildConfigurations = (
				73F7D7981E6D8DF6005961DD /* Debug */,
				73F7D7991E6D8DF6005961DD /* Release */,
			);
			defaultConfigurationIsVisible = 0;
			defaultConfigurationName = Release;
		};
/* End XCConfigurationList section */
	};
	rootObject = 73F7D7881E6D8DF6005961DD /* Project object */;
}
