// !$*UTF8*$!
{
	archiveVersion = 1;
	classes = {
	};
	objectVersion = 46;
	objects = {

/* Begin PBXBuildFile section */
		73FFE0F91E6E02EF009EFBB2 /* main.c in Sources */ = {isa = PBXBuildFile; fileRef = 73FFE0F81E6E02EF009EFBB2 /* main.c */; };
		73FFE1011E6E0347009EFBB2 /* dk_json.c in Sources */ = {isa = PBXBuildFile; fileRef = 73FFE0FF1E6E0347009EFBB2 /* dk_json.c */; };
/* End PBXBuildFile section */

/* Begin PBXCopyFilesBuildPhase section */
		73FFE0F31E6E02EF009EFBB2 /* CopyFiles */ = {
			isa = PBXCopyFilesBuildPhase;
			buildActionMask = 2147483647;
			dstPath = /usr/share/man/man1/;
			dstSubfolderSpec = 0;
			files = (
			);
			runOnlyForDeploymentPostprocessing = 1;
		};
/* End PBXCopyFilesBuildPhase section */

/* Begin PBXFileReference section */
		73FFE0F51E6E02EF009EFBB2 /* dk_json */ = {isa = PBXFileReference; explicitFileType = "compiled.mach-o.executable"; includeInIndex = 0; path = dk_json; sourceTree = BUILT_PRODUCTS_DIR; };
		73FFE0F81E6E02EF009EFBB2 /* main.c */ = {isa = PBXFileReference; lastKnownFileType = sourcecode.c.c; path = main.c; sourceTree = "<group>"; };
		73FFE0FF1E6E0347009EFBB2 /* dk_json.c */ = {isa = PBXFileReference; fileEncoding = 4; lastKnownFileType = sourcecode.c.c; path = dk_json.c; sourceTree = "<group>"; };
		73FFE1001E6E0347009EFBB2 /* dk_json.h */ = {isa = PBXFileReference; fileEncoding = 4; lastKnownFileType = sourcecode.c.h; path = dk_json.h; sourceTree = "<group>"; };
/* End PBXFileReference section */

/* Begin PBXFrameworksBuildPhase section */
		73FFE0F21E6E02EF009EFBB2 /* Frameworks */ = {
			isa = PBXFrameworksBuildPhase;
			buildActionMask = 2147483647;
			files = (
			);
			runOnlyForDeploymentPostprocessing = 0;
		};
/* End PBXFrameworksBuildPhase section */

/* Begin PBXGroup section */
		73FFE0EC1E6E02EF009EFBB2 = {
			isa = PBXGroup;
			children = (
				73FFE0F71E6E02EF009EFBB2 /* dk_json */,
				73FFE0F61E6E02EF009EFBB2 /* Products */,
			);
			sourceTree = "<group>";
		};
		73FFE0F61E6E02EF009EFBB2 /* Products */ = {
			isa = PBXGroup;
			children = (
				73FFE0F51E6E02EF009EFBB2 /* dk_json */,
			);
			name = Products;
			sourceTree = "<group>";
		};
		73FFE0F71E6E02EF009EFBB2 /* dk_json */ = {
			isa = PBXGroup;
			children = (
				73FFE0F81E6E02EF009EFBB2 /* main.c */,
				73FFE0FF1E6E0347009EFBB2 /* dk_json.c */,
				73FFE1001E6E0347009EFBB2 /* dk_json.h */,
			);
			path = dk_json;
			sourceTree = "<group>";
		};
/* End PBXGroup section */

/* Begin PBXNativeTarget section */
		73FFE0F41E6E02EF009EFBB2 /* dk_json */ = {
			isa = PBXNativeTarget;
			buildConfigurationList = 73FFE0FC1E6E02EF009EFBB2 /* Build configuration list for PBXNativeTarget "dk_json" */;
			buildPhases = (
				73FFE0F11E6E02EF009EFBB2 /* Sources */,
				73FFE0F21E6E02EF009EFBB2 /* Frameworks */,
				73FFE0F31E6E02EF009EFBB2 /* CopyFiles */,
			);
			buildRules = (
			);
			dependencies = (
			);
			name = dk_json;
			productName = dk_json;
			productReference = 73FFE0F51E6E02EF009EFBB2 /* dk_json */;
			productType = "com.apple.product-type.tool";
		};
/* End PBXNativeTarget section */

/* Begin PBXProject section */
		73FFE0ED1E6E02EF009EFBB2 /* Project object */ = {
			isa = PBXProject;
			attributes = {
				LastUpgradeCheck = 0820;
				ORGANIZATIONNAME = "Slava Gubar";
				TargetAttributes = {
					73FFE0F41E6E02EF009EFBB2 = {
						CreatedOnToolsVersion = 8.2.1;
						ProvisioningStyle = Automatic;
					};
				};
			};
			buildConfigurationList = 73FFE0F01E6E02EF009EFBB2 /* Build configuration list for PBXProject "dk_json" */;
			compatibilityVersion = "Xcode 3.2";
			developmentRegion = English;
			hasScannedForEncodings = 0;
			knownRegions = (
				en,
			);
			mainGroup = 73FFE0EC1E6E02EF009EFBB2;
			productRefGroup = 73FFE0F61E6E02EF009EFBB2 /* Products */;
			projectDirPath = "";
			projectRoot = "";
			targets = (
				73FFE0F41E6E02EF009EFBB2 /* dk_json */,
			);
		};
/* End PBXProject section */

/* Begin PBXSourcesBuildPhase section */
		73FFE0F11E6E02EF009EFBB2 /* Sources */ = {
			isa = PBXSourcesBuildPhase;
			buildActionMask = 2147483647;
			files = (
				73FFE1011E6E0347009EFBB2 /* dk_json.c in Sources */,
				73FFE0F91E6E02EF009EFBB2 /* main.c in Sources */,
			);
			runOnlyForDeploymentPostprocessing = 0;
		};
/* End PBXSourcesBuildPhase section */

/* Begin XCBuildConfiguration section */
		73FFE0FA1E6E02EF009EFBB2 /* Debug */ = {
			isa = XCBuildConfiguration;
			buildSettings = {
				ALWAYS_SEARCH_USER_PATHS = NO;
				CLANG_ANALYZER_NONNULL = YES;
				CLANG_CXX_LANGUAGE_STANDARD = "gnu++0x";
				CLANG_CXX_LIBRARY = "libc++";
				CLANG_ENABLE_MODULES = YES;
				CLANG_ENABLE_OBJC_ARC = YES;
				CLANG_WARN_BOOL_CONVERSION = YES;
				CLANG_WARN_CONSTANT_CONVERSION = YES;
				CLANG_WARN_DIRECT_OBJC_ISA_USAGE = YES_ERROR;
				CLANG_WARN_DOCUMENTATION_COMMENTS = YES;
				CLANG_WARN_EMPTY_BODY = YES;
				CLANG_WARN_ENUM_CONVERSION = YES;
				CLANG_WARN_INFINITE_RECURSION = YES;
				CLANG_WARN_INT_CONVERSION = YES;
				CLANG_WARN_OBJC_ROOT_CLASS = YES_ERROR;
				CLANG_WARN_SUSPICIOUS_MOVE = YES;
				CLANG_WARN_UNREACHABLE_CODE = YES;
				CLANG_WARN__DUPLICATE_METHOD_MATCH = YES;
				CODE_SIGN_IDENTITY = "-";
				COPY_PHASE_STRIP = NO;
				DEBUG_INFORMATION_FORMAT = dwarf;
				ENABLE_STRICT_OBJC_MSGSEND = YES;
				ENABLE_TESTABILITY = YES;
				GCC_C_LANGUAGE_STANDARD = gnu99;
				GCC_DYNAMIC_NO_PIC = NO;
				GCC_NO_COMMON_BLOCKS = YES;
				GCC_OPTIMIZATION_LEVEL = 0;
				GCC_PREPROCESSOR_DEFINITIONS = (
					"DEBUG=1",
					"$(inherited)",
				);
				GCC_WARN_64_TO_32_BIT_CONVERSION = YES;
				GCC_WARN_ABOUT_RETURN_TYPE = YES_ERROR;
				GCC_WARN_UNDECLARED_SELECTOR = YES;
				GCC_WARN_UNINITIALIZED_AUTOS = YES_AGGRESSIVE;
				GCC_WARN_UNUSED_FUNCTION = YES;
				GCC_WARN_UNUSED_VARIABLE = YES;
				MACOSX_DEPLOYMENT_TARGET = 10.12;
				MTL_ENABLE_DEBUG_INFO = YES;
				ONLY_ACTIVE_ARCH = YES;
				SDKROOT = macosx;
			};
			name = Debug;
		};
		73FFE0FB1E6E02EF009EFBB2 /* Release */ = {
			isa = XCBuildConfiguration;
			buildSettings = {
				ALWAYS_SEARCH_USER_PATHS = NO;
				CLANG_ANALYZER_NONNULL = YES;
				CLANG_CXX_LANGUAGE_STANDARD = "gnu++0x";
				CLANG_CXX_LIBRARY = "libc++";
				CLANG_ENABLE_MODULES = YES;
				CLANG_ENABLE_OBJC_ARC = YES;
				CLANG_WARN_BOOL_CONVERSION = YES;
				CLANG_WARN_CONSTANT_CONVERSION = YES;
				CLANG_WARN_DIRECT_OBJC_ISA_USAGE = YES_ERROR;
				CLANG_WARN_DOCUMENTATION_COMMENTS = YES;
				CLANG_WARN_EMPTY_BODY = YES;
				CLANG_WARN_ENUM_CONVERSION = YES;
				CLANG_WARN_INFINITE_RECURSION = YES;
				CLANG_WARN_INT_CONVERSION = YES;
				CLANG_WARN_OBJC_ROOT_CLASS = YES_ERROR;
				CLANG_WARN_SUSPICIOUS_MOVE = YES;
				CLANG_WARN_UNREACHABLE_CODE = YES;
				CLANG_WARN__DUPLICATE_METHOD_MATCH = YES;
				CODE_SIGN_IDENTITY = "-";
				COPY_PHASE_STRIP = NO;
				DEBUG_INFORMATION_FORMAT = "dwarf-with-dsym";
				ENABLE_NS_ASSERTIONS = NO;
				ENABLE_STRICT_OBJC_MSGSEND = YES;
				GCC_C_LANGUAGE_STANDARD = gnu99;
				GCC_NO_COMMON_BLOCKS = YES;
				GCC_WARN_64_TO_32_BIT_CONVERSION = YES;
				GCC_WARN_ABOUT_RETURN_TYPE = YES_ERROR;
				GCC_WARN_UNDECLARED_SELECTOR = YES;
				GCC_WARN_UNINITIALIZED_AUTOS = YES_AGGRESSIVE;
				GCC_WARN_UNUSED_FUNCTION = YES;
				GCC_WARN_UNUSED_VARIABLE = YES;
				MACOSX_DEPLOYMENT_TARGET = 10.12;
				MTL_ENABLE_DEBUG_INFO = NO;
				SDKROOT = macosx;
			};
			name = Release;
		};
		73FFE0FD1E6E02EF009EFBB2 /* Debug */ = {
			isa = XCBuildConfiguration;
			buildSettings = {
				PRODUCT_NAME = "$(TARGET_NAME)";
			};
			name = Debug;
		};
		73FFE0FE1E6E02EF009EFBB2 /* Release */ = {
			isa = XCBuildConfiguration;
			buildSettings = {
				PRODUCT_NAME = "$(TARGET_NAME)";
			};
			name = Release;
		};
/* End XCBuildConfiguration section */

/* Begin XCConfigurationList section */
		73FFE0F01E6E02EF009EFBB2 /* Build configuration list for PBXProject "dk_json" */ = {
			isa = XCConfigurationList;
			buildConfigurations = (
				73FFE0FA1E6E02EF009EFBB2 /* Debug */,
				73FFE0FB1E6E02EF009EFBB2 /* Release */,
			);
			defaultConfigurationIsVisible = 0;
			defaultConfigurationName = Release;
		};
		73FFE0FC1E6E02EF009EFBB2 /* Build configuration list for PBXNativeTarget "dk_json" */ = {
			isa = XCConfigurationList;
			buildConfigurations = (
				73FFE0FD1E6E02EF009EFBB2 /* Debug */,
				73FFE0FE1E6E02EF009EFBB2 /* Release */,
			);
			defaultConfigurationIsVisible = 0;
		};
/* End XCConfigurationList section */
	};
	rootObject = 73FFE0ED1E6E02EF009EFBB2 /* Project object */;
}
